<?xml version="1.0" encoding="UTF-8" standalone="yes" ?>
<CodeBlocks_project_file>
	<FileVersion major="1" minor="6" />
	<Project>
		<Option title="SPARK OpenGL" />
		<Option pch_mode="2" />
		<Option compiler="gcc" />
		<Build>
			<Target title="Debug static">
				<Option output="..\..\..\lib\mingw\static\libSPARK_GL_debug_s" prefix_auto="1" extension_auto="1" />
				<Option working_dir="" />
				<Option object_output="SPARK OpenGL\Debug static" />
				<Option type="2" />
				<Option compiler="gcc" />
				<Option createDefFile="1" />
				<Compiler>
					<Add option="-D_DEBUG" />
					<Add option="-W" />
					<Add option="-g" />
					<Add option="-O0" />
					<Add directory="..\..\..\include" />
				</Compiler>
				<ResourceCompiler>
					<Add directory="..\..\..\include" />
				</ResourceCompiler>
			</Target>
			<Target title="Release static">
				<Option output="..\..\..\lib\mingw\static\libSPARK_GL_s" prefix_auto="1" extension_auto="1" />
				<Option working_dir="" />
				<Option object_output="SPARK OpenGL\Release static" />
				<Option type="2" />
				<Option compiler="gcc" />
				<Option createDefFile="1" />
				<Compiler>
					<Add option="-O3" />
					<Add option="-W" />
					<Add option="-DNDEBUG" />
					<Add directory="..\..\..\include" />
				</Compiler>
				<ResourceCompiler>
					<Add directory="..\..\..\include" />
				</ResourceCompiler>
			</Target>
			<Target title="Debug DLL">
				<Option output="..\..\..\lib\mingw\dynamic\SPARK_GL_debug" prefix_auto="1" extension_auto="1" />
				<Option object_output="SPARK OpenGL\Debug DLL" />
				<Option type="3" />
				<Option compiler="gcc" />
				<Option createDefFile="1" />
				<Option createStaticLib="1" />
				<Compiler>
					<Add option="-W" />
					<Add option="-g" />
					<Add option="-O0" />
					<Add option="-D_DEBUG" />
					<Add option="-DSPK_GL_EXPORT" />
					<Add option="-DSPK_CORE_IMPORT" />
					<Add directory="..\..\..\include" />
				</Compiler>
				<ResourceCompiler>
					<Add directory="..\..\..\include" />
				</ResourceCompiler>
				<Linker>
					<Add library="opengl32" />
					<Add library="..\..\..\lib\mingw\dynamic\libSPARK_debug.a" />
				</Linker>
			</Target>
			<Target title="Release DLL">
				<Option output="..\..\..\lib\mingw\dynamic\SPARK_GL" prefix_auto="1" extension_auto="1" />
				<Option object_output="SPARK OpenGL\Release DLL" />
				<Option type="3" />
				<Option compiler="gcc" />
				<Option createDefFile="1" />
				<Option createStaticLib="1" />
				<Compiler>
					<Add option="-O3" />
					<Add option="-W" />
					<Add option="-DNDEBUG" />
					<Add option="-DSPK_GL_EXPORT" />
					<Add option="-DSPK_CORE_IMPORT" />
					<Add directory="..\..\..\include" />
				</Compiler>
				<ResourceCompiler>
					<Add directory="..\..\..\include" />
				</ResourceCompiler>
				<Linker>
					<Add library="opengl32" />
					<Add library="..\..\..\lib\mingw\dynamic\libSPARK.a" />
				</Linker>
			</Target>
		</Build>
		<Unit filename="..\..\..\include\Rendering\OpenGL\SPK_GL_Buffer.h" />
		<Unit filename="..\..\..\include\Rendering\OpenGL\SPK_GL_DEF.h" />
		<Unit filename="..\..\..\include\Rendering\OpenGL\SPK_GL_ExtHandler.h" />
		<Unit filename="..\..\..\include\Rendering\OpenGL\SPK_GL_LineRenderer.h" />
		<Unit filename="..\..\..\include\Rendering\OpenGL\SPK_GL_LineTrailRenderer.h" />
		<Unit filename="..\..\..\include\Rendering\OpenGL\SPK_GL_PointRenderer.h" />
		<Unit filename="..\..\..\include\Rendering\OpenGL\SPK_GL_QuadRenderer.h" />
		<Unit filename="..\..\..\include\Rendering\OpenGL\SPK_GL_Renderer.h" />
		<Unit filename="..\..\..\include\SPARK_GL.h" />
		<Unit filename="..\..\..\src\Rendering\OpenGL\SPK_GL_Buffer.cpp" />
		<Unit filename="..\..\..\src\Rendering\OpenGL\SPK_GL_ExtHandler.cpp" />
		<Unit filename="..\..\..\src\Rendering\OpenGL\SPK_GL_LineRenderer.cpp" />
		<Unit filename="..\..\..\src\Rendering\OpenGL\SPK_GL_LineTrailRenderer.cpp" />
		<Unit filename="..\..\..\src\Rendering\OpenGL\SPK_GL_PointRenderer.cpp" />
		<Unit filename="..\..\..\src\Rendering\OpenGL\SPK_GL_QuadRenderer.cpp" />
		<Unit filename="..\..\..\src\Rendering\OpenGL\SPK_GL_Renderer.cpp" />
		<Extensions>
			<code_completion />
			<debugger />
		</Extensions>
	</Project>
</CodeBlocks_project_file>
